
Microsoft Visual Studio Solution File, Format Version 12.00
# Visual Studio 2013
Project("{FAE04EC0-301F-11D3-BF4B-00C04F79EFBC}") = "BlendTalk", "BlendTalk\BlendTalk.csproj", "{A32FD3A3-1160-444C-8D9A-C2FCCB238AC0}"
EndProject
Global
	GlobalSection(SolutionConfigurationPlatforms) = preSolution
		Debug|Any CPU = Debug|Any CPU
		Release|Any CPU = Release|Any CPU
	EndGlobalSection
	GlobalSection(ProjectConfigurationPlatforms) = postSolution
		{A32FD3A3-1160-444C-8D9A-C2FCCB238AC0}.Debug|Any CPU.ActiveCfg = Debug|Any CPU
		{A32FD3A3-1160-444C-8D9A-C2FCCB238AC0}.Debug|Any CPU.Build.0 = Debug|Any CPU
		{A32FD3A3-1160-444C-8D9A-C2FCCB238AC0}.Release|Any CPU.ActiveCfg = Release|Any CPU
		{A32FD3A3-1160-444C-8D9A-C2FCCB238AC0}.Release|Any CPU.Build.0 = Release|Any CPU
	EndGlobalSection
EndGlobal
